
Microsoft Visual Studio Solution File, Format Version 12.00
# Visual Studio Version 17
VisualStudioVersion = 17.9.34728.123
MinimumVisualStudioVersion = 10.0.40219.1
Project("{FAE04EC0-301F-11D3-BF4B-00C04F79EFBC}") = "aes_console_app_c#", "aes_console_app_c#\aes_console_app_c#.csproj", "{ECA2BF3B-4122-41FD-B213-27FBC0817305}"
EndProject
Global
	GlobalSection(SolutionConfigurationPlatforms) = preSolution
		Debug|Any CPU = Debug|Any CPU
		Debug|x64 = Debug|x64
		Release|Any CPU = Release|Any CPU
		Release|x64 = Release|x64
	EndGlobalSection
	GlobalSection(ProjectConfigurationPlatforms) = postSolution
		{ECA2BF3B-4122-41FD-B213-27FBC0817305}.Debug|Any CPU.ActiveCfg = Debug|Any CPU
		{ECA2BF3B-4122-41FD-B213-27FBC0817305}.Debug|Any CPU.Build.0 = Debug|Any CPU
		{ECA2BF3B-4122-41FD-B213-27FBC0817305}.Debug|x64.ActiveCfg = Debug|x64
		{ECA2BF3B-4122-41FD-B213-27FBC0817305}.Debug|x64.Build.0 = Debug|x64
		{ECA2BF3B-4122-41FD-B213-27FBC0817305}.Release|Any CPU.ActiveCfg = Release|Any CPU
		{ECA2BF3B-4122-41FD-B213-27FBC0817305}.Release|Any CPU.Build.0 = Release|Any CPU
		{ECA2BF3B-4122-41FD-B213-27FBC0817305}.Release|x64.ActiveCfg = Release|x64
		{ECA2BF3B-4122-41FD-B213-27FBC0817305}.Release|x64.Build.0 = Release|x64
	EndGlobalSection
	GlobalSection(SolutionProperties) = preSolution
		HideSolutionNode = FALSE
	EndGlobalSection
	GlobalSection(ExtensibilityGlobals) = postSolution
		SolutionGuid = {5B2B3E96-3133-4B2F-BA91-C02734B7F29B}
	EndGlobalSection
EndGlobal
